{
  "lockfileVersion": 1,
  "configVersion": 0,
  "workspaces": {
    "": {
      "name": "visual-dev-editor",
      "dependencies": {
        "parse5": "^6.0.1",
      },
    },
  },
  "packages": {
    "parse5": ["parse5@6.0.1", "", {}, "sha512-Ofn/CTFzRGTTxwpNEs9PP93gXShHcTq255nzRYSKe8AkVpZY7e1fpmTfOyoIvjP5HG7Z2ZM7VS9PPhQGW2pOpw=="],
  }
}
