{
  "version": "5",
  "remote": {
    "https://edge.netlify.com/": "fd941d61d88673d5f28aab283fb86fcc50f08a3bc80ee5470498fcfa88c65cfb",
    "https://edge.netlify.com/bootstrap/config.ts": "6a2ce0e544e15e8f8883a5c18da5948e37fd0f2619f68cb31f3af53c51817025",
    "https://edge.netlify.com/bootstrap/context.ts": "e97240232121e2f369f6546ce961490f34d961ea1ea54be3ff09633e3f08373f",
    "https://edge.netlify.com/bootstrap/cookie.ts": "8b0baae708989ca183c6f3b4ab3d029e6abcbc2e43f93edeb0ff447b3bbc3a05",
    "https://edge.netlify.com/bootstrap/edge_function.ts": "b8253e86aa83c67341f5cfedeba5049d77fbf84dcab7eceff7566b7728ae9b39",
    "https://edge.netlify.com/bootstrap/globals/types.ts": "eaa6148ded3121d8dee62dd91c86e7fe76601df0f3ca8d7962243a30f4c8935f"
  },
  "workspace": {
    "packageJson": {
      "dependencies": [
        "npm:@base-ui/react@^1.6.0",
        "npm:@codemirror/autocomplete@^6.20.3",
        "npm:@codemirror/commands@^6.10.4",
        "npm:@codemirror/lang-markdown@^6.5.1",
        "npm:@codemirror/language-data@^6.5.2",
        "npm:@codemirror/language@^6.12.4",
        "npm:@codemirror/state@^6.7.1",
        "npm:@codemirror/view@^6.43.6",
        "npm:@eslint/js@^9.39.5",
        "npm:@fontsource-variable/geist@^5.2.9",
        "npm:@fontsource/archivo-black@^5.2.8",
        "npm:@fontsource/ibm-plex-mono@^5.2.7",
        "npm:@fontsource/inter@^5.2.8",
        "npm:@fontsource/press-start-2p@^5.2.7",
        "npm:@fontsource/space-grotesk@^5.2.10",
        "npm:@fontsource/space-mono@^5.2.9",
        "npm:@lezer/highlight@^1.2.3",
        "npm:@livekit/components-react@^2.9.9",
        "npm:@mercuryworkshop/bare-mux@^2.1.9",
        "npm:@mercuryworkshop/scramjet@1.1.0",
        "npm:@netlify/blobs@^10.7.11",
        "npm:@netlify/database@^1.1.0",
        "npm:@netlify/identity@^1.2.0",
        "npm:@shadcn/react@0.1",
        "npm:@tailwindcss/vite@^4.3.1",
        "npm:@types/node@^26.0.1",
        "npm:@types/react-dom@19",
        "npm:@types/react@19",
        "npm:@vitejs/plugin-react@^5.2.0",
        "npm:@xterm/addon-fit@0.11",
        "npm:@xterm/xterm@6",
        "npm:autoprefixer@^10.4.18",
        "npm:class-variance-authority@~0.7.1",
        "npm:clsx@^2.1.1",
        "npm:cmdk@^1.1.1",
        "npm:cors@^2.8.6",
        "npm:date-fns@^4.4.0",
        "npm:dompurify@^3.4.12",
        "npm:electron-builder@^26.15.3",
        "npm:electron@43",
        "npm:embla-carousel-react@^8.6.0",
        "npm:eslint-plugin-react-hooks@^5.2.0",
        "npm:eslint-plugin-react-refresh@~0.5.3",
        "npm:eslint@^9.39.5",
        "npm:express@^5.2.1",
        "npm:globals@^17.8.0",
        "npm:input-otp@^1.4.2",
        "npm:jsdom@^29.1.1",
        "npm:livekit-client@^2.15.4",
        "npm:livekit-server-sdk@^2.13.1",
        "npm:lucide-react@^1.21.0",
        "npm:mermaid@^11.16.0",
        "npm:next-themes@~0.4.6",
        "npm:nostr-tools@^2.24.1",
        "npm:postcss@^8.5.25",
        "npm:postgres@^3.4.9",
        "npm:radix-ui@^1.6.0",
        "npm:react-day-picker@^10.0.1",
        "npm:react-dom@19",
        "npm:react-resizable-panels@^4.11.2",
        "npm:react@19",
        "npm:recharts@3.8.0",
        "npm:shadcn@^4.16.0",
        "npm:sharp@~0.35.3",
        "npm:sonner@^2.0.7",
        "npm:tailwind-merge@^3.6.0",
        "npm:tailwindcss@^4.3.1",
        "npm:tw-animate-css@^1.4.0",
        "npm:typescript-eslint@^8.65.0",
        "npm:typescript@^5.5.3",
        "npm:undici@^7.28.0",
        "npm:vaul@^1.1.2",
        "npm:vite-plugin-pwa@^1.3.0",
        "npm:vite@^8.2.0",
        "npm:vitest@^4.1.9",
        "npm:ws@^8.21.0"
      ]
    }
  }
}
